<?xml version="1.0" encoding="utf-8"?>
<Project ToolsVersion="4.0" xmlns="http://schemas.microsoft.com/developer/msbuild/2003">
  <ItemGroup>
    <ClCompile Include="Edit.cpp">
      <Filter>Application\gui\Edit</Filter>
    </ClCompile>
    <ClCompile Include="Prefs.cpp">
      <Filter>Application\gui\Edit</Filter>
    </ClCompile>
    <ClCompile Include="App.cpp">
      <Filter>Application\gui</Filter>
    </ClCompile>
    <ClCompile Include="DisassemblerGCNISA.cpp">
      <Filter>Application\Compilation\disassemblers</Filter>
    </ClCompile>
    <ClCompile Include="NewPresetDialog.cpp">
      <Filter>Application\gui\Dialogs</Filter>
    </ClCompile>
    <ClCompile Include="AboutDialog.cpp">
      <Filter>Application\gui\Dialogs</Filter>
    </ClCompile>
    <ClCompile Include="RealtimePSPreviewFrame.cpp">
      <Filter>Application\gui\RealtimePixelShaderPreview</Filter>
    </ClCompile>
    <ClCompile Include="main.cpp" />
    <ClCompile Include="PCH.cpp" />
    <ClCompile Include="ControlsPanel.cpp">
      <Filter>Application\gui</Filter>
    </ClCompile>
    <ClCompile Include="MainFrame.cpp">
      <Filter>Application\gui</Filter>
    </ClCompile>
    <ClCompile Include="CompilerLoader.cpp">
      <Filter>Application\Compilation\Loaders</Filter>
    </ClCompile>
    <ClCompile Include="CompilerModernDXLoader.cpp">
      <Filter>Application\Compilation\Loaders</Filter>
    </ClCompile>
    <ClCompile Include="CompilationDXBC.cpp">
      <Filter>Application\Compilation</Filter>
    </ClCompile>
    <ClCompile Include="resource.cpp">
      <Filter>Application\gui\Resources\wxWidgets</Filter>
    </ClCompile>
    <ClCompile Include="CompilationDXIL.cpp">
      <Filter>Application\Compilation</Filter>
    </ClCompile>
    <ClCompile Include="GoToLineDialog.cpp">
      <Filter>Application\gui\Dialogs</Filter>
    </ClCompile>
    <ClCompile Include="RecentFilesManager.cpp">
      <Filter>Application\gui</Filter>
    </ClCompile>
    <ClCompile Include="Renderer.cpp">
      <Filter>Application\gui\RealtimePixelShaderPreview</Filter>
    </ClCompile>
    <ClCompile Include="RendererD3D12.cpp">
      <Filter>Application\gui\RealtimePixelShaderPreview\D3D12</Filter>
    </ClCompile>
    <ClCompile Include="RendererD3D11.cpp">
      <Filter>Application\gui\RealtimePixelShaderPreview\D3D11</Filter>
    </ClCompile>
    <ClCompile Include="DDSTextureLoader.cpp">
      <Filter>ThirdParty</Filter>
    </ClCompile>
    <ClCompile Include="DDSTextureLoader12.cpp">
      <Filter>ThirdParty</Filter>
    </ClCompile>
    <ClCompile Include="WICTextureLoader.cpp">
      <Filter>ThirdParty</Filter>
    </ClCompile>
    <ClCompile Include="WICTextureLoader12.cpp">
      <Filter>ThirdParty</Filter>
    </ClCompile>
  </ItemGroup>
  <ItemGroup>
    <ClInclude Include="Edit.h">
      <Filter>Application\gui\Edit</Filter>
    </ClInclude>
    <ClInclude Include="Prefs.h">
      <Filter>Application\gui\Edit</Filter>
    </ClInclude>
    <ClInclude Include="App.h">
      <Filter>Application\gui</Filter>
    </ClInclude>
    <ClInclude Include="DisassemblerGCNISA.h">
      <Filter>Application\Compilation\disassemblers</Filter>
    </ClInclude>
    <ClInclude Include="NewPresetDialog.h">
      <Filter>Application\gui\Dialogs</Filter>
    </ClInclude>
    <ClInclude Include="AboutDialog.h">
      <Filter>Application\gui\Dialogs</Filter>
    </ClInclude>
    <ClInclude Include="RealtimePSPreviewFrame.h">
      <Filter>Application\gui\RealtimePixelShaderPreview</Filter>
    </ClInclude>
    <ClInclude Include="PCH.h" />
    <ClInclude Include="Defines.h">
      <Filter>Defines</Filter>
    </ClInclude>
    <ClInclude Include="DummyShaders.h">
      <Filter>Defines</Filter>
    </ClInclude>
    <ClInclude Include="ControlsPanel.h">
      <Filter>Application\gui</Filter>
    </ClInclude>
    <ClInclude Include="MainFrame.h">
      <Filter>Application\gui</Filter>
    </ClInclude>
    <ClInclude Include="CompilerLoader.h">
      <Filter>Application\Compilation\Loaders</Filter>
    </ClInclude>
    <ClInclude Include="CompilerModernDXLoader.h">
      <Filter>Application\Compilation\Loaders</Filter>
    </ClInclude>
    <ClInclude Include="resource1.h">
      <Filter>Application\gui\Resources\winapi</Filter>
    </ClInclude>
    <ClInclude Include="CompilationDX.h">
      <Filter>Application\Compilation</Filter>
    </ClInclude>
    <ClInclude Include="official\amd\AmdDxGsaCompile.h">
      <Filter>Application\Compilation\disassemblers\official\amd</Filter>
    </ClInclude>
    <ClInclude Include="official\amd\devices.h">
      <Filter>Application\Compilation\disassemblers\official\amd</Filter>
    </ClInclude>
    <ClInclude Include="official\elf\elf_common.h">
      <Filter>Application\Compilation\disassemblers\official\elf</Filter>
    </ClInclude>
    <ClInclude Include="official\elf\elf32.h">
      <Filter>Application\Compilation\disassemblers\official\elf</Filter>
    </ClInclude>
    <ClInclude Include="GoToLineDialog.h">
      <Filter>Application\gui\Dialogs</Filter>
    </ClInclude>
    <ClInclude Include="RecentFilesManager.h">
      <Filter>Application\gui</Filter>
    </ClInclude>
    <ClInclude Include="d3dx12.h">
      <Filter>Application\gui\RealtimePixelShaderPreview\D3D12</Filter>
    </ClInclude>
    <ClInclude Include="IRenderer.h">
      <Filter>Application\gui\RealtimePixelShaderPreview</Filter>
    </ClInclude>
    <ClInclude Include="Renderer.h">
      <Filter>Application\gui\RealtimePixelShaderPreview</Filter>
    </ClInclude>
    <ClInclude Include="RendererD3D12.h">
      <Filter>Application\gui\RealtimePixelShaderPreview\D3D12</Filter>
    </ClInclude>
    <ClInclude Include="RendererD3D11.h">
      <Filter>Application\gui\RealtimePixelShaderPreview\D3D11</Filter>
    </ClInclude>
    <ClInclude Include="DDSTextureLoader.h">
      <Filter>ThirdParty</Filter>
    </ClInclude>
    <ClInclude Include="DDSTextureLoader12.h">
      <Filter>ThirdParty</Filter>
    </ClInclude>
    <ClInclude Include="WICTextureLoader.h">
      <Filter>ThirdParty</Filter>
    </ClInclude>
    <ClInclude Include="WICTextureLoader12.h">
      <Filter>ThirdParty</Filter>
    </ClInclude>
  </ItemGroup>
  <ItemGroup>
    <Filter Include="Application">
      <UniqueIdentifier>{6835c238-f446-4592-b138-ff72a74e0742}</UniqueIdentifier>
    </Filter>
    <Filter Include="Application\gui">
      <UniqueIdentifier>{846021f0-4177-4be6-84b1-d618a50b5a1f}</UniqueIdentifier>
    </Filter>
    <Filter Include="Application\gui\Edit">
      <UniqueIdentifier>{d34871ec-55a1-4675-a2f1-d9460823f73d}</UniqueIdentifier>
    </Filter>
    <Filter Include="Application\gui\Resources">
      <UniqueIdentifier>{dc5905ec-2eb8-4777-953f-c7bd0cb5a611}</UniqueIdentifier>
    </Filter>
    <Filter Include="Application\Compilation">
      <UniqueIdentifier>{a9069040-e617-4491-a06b-8e94f8c51fdf}</UniqueIdentifier>
    </Filter>
    <Filter Include="Application\Compilation\Loaders">
      <UniqueIdentifier>{543947b5-a7f6-48e4-a253-6c414eeeda0b}</UniqueIdentifier>
    </Filter>
    <Filter Include="Application\Compilation\disassemblers">
      <UniqueIdentifier>{30d19047-4dee-47f3-bbc5-a8fd9eb48872}</UniqueIdentifier>
    </Filter>
    <Filter Include="Defines">
      <UniqueIdentifier>{e7de1663-c2e9-4274-97f4-665f2b36c94b}</UniqueIdentifier>
    </Filter>
    <Filter Include="Application\gui\RealtimePixelShaderPreview">
      <UniqueIdentifier>{5e2b5c97-f826-44c8-b6d1-f4be9b920809}</UniqueIdentifier>
    </Filter>
    <Filter Include="Application\gui\RealtimePixelShaderPreview\D3D11">
      <UniqueIdentifier>{cc0f4467-b7d2-4764-9920-d02c90d27d60}</UniqueIdentifier>
    </Filter>
    <Filter Include="Application\gui\Dialogs">
      <UniqueIdentifier>{6db2a285-94cf-4f0b-9e8b-d17dc7a98ff0}</UniqueIdentifier>
    </Filter>
    <Filter Include="Application\gui\Resources\winapi">
      <UniqueIdentifier>{ada9283f-0454-49d7-90ab-105d2e19b6b7}</UniqueIdentifier>
    </Filter>
    <Filter Include="Application\gui\Resources\wxWidgets">
      <UniqueIdentifier>{6e0c8c99-8790-4734-b5b0-b4fa5f3f6ec3}</UniqueIdentifier>
    </Filter>
    <Filter Include="Application\Compilation\disassemblers\official">
      <UniqueIdentifier>{d601d931-c200-4509-8607-64d59746aa31}</UniqueIdentifier>
    </Filter>
    <Filter Include="Application\Compilation\disassemblers\official\amd">
      <UniqueIdentifier>{bce193aa-78c7-44fb-a853-b1eac3ea3f1e}</UniqueIdentifier>
    </Filter>
    <Filter Include="Application\Compilation\disassemblers\official\elf">
      <UniqueIdentifier>{91458cf4-2c59-4c22-b7ee-9e671b8014e8}</UniqueIdentifier>
    </Filter>
    <Filter Include="Application\gui\RealtimePixelShaderPreview\D3D12">
      <UniqueIdentifier>{fe6f1712-c6c0-485c-8753-0e621e8a2676}</UniqueIdentifier>
    </Filter>
    <Filter Include="ThirdParty">
      <UniqueIdentifier>{4c7042d8-ec7a-4cab-bd58-00487f3b58f6}</UniqueIdentifier>
    </Filter>
  </ItemGroup>
  <ItemGroup>
    <None Include="FullscreenVS.hlsl">
      <Filter>Application\gui\RealtimePixelShaderPreview\D3D11</Filter>
    </None>
    <None Include="resource.xrc">
      <Filter>Application\gui\Resources\wxWidgets</Filter>
    </None>
  </ItemGroup>
  <ItemGroup>
    <ResourceCompile Include="HLSLexplorer.rc">
      <Filter>Application\gui\Resources\winapi</Filter>
    </ResourceCompile>
  </ItemGroup>
</Project>